<?xml version="1.0" encoding="utf-8"?>
<Project ToolsVersion="4.0" xmlns="http://schemas.microsoft.com/developer/msbuild/2003">
  <ItemGroup>
    <Filter Include="Project">
      <UniqueIdentifier>{7a4e8ada-00db-4db9-a190-9a6805aaa7a5}</UniqueIdentifier>
    </Filter>
    <Filter Include="Project\3rd Party">
      <UniqueIdentifier>{863feeac-39b3-443a-8b36-efbfd5a0193d}</UniqueIdentifier>
    </Filter>
    <Filter Include="Project\Graphics">
      <UniqueIdentifier>{0bcdb036-60ce-48cd-85dd-8a7b2cd391f2}</UniqueIdentifier>
    </Filter>
    <Filter Include="Project\Audio">
      <UniqueIdentifier>{61462fb3-5041-4723-b5b1-353145c53a99}</UniqueIdentifier>
    </Filter>
    <Filter Include="Project\Utility">
      <UniqueIdentifier>{5da9449e-82a1-44b5-9884-898416bbe446}</UniqueIdentifier>
    </Filter>
  </ItemGroup>
  <ItemGroup>
    <ClCompile Include="Main.cpp">
      <Filter>Project</Filter>
    </ClCompile>
  </ItemGroup>
</Project>