<?xml version="1.0" encoding="utf-8"?>
<Project ToolsVersion="4.0" xmlns="http://schemas.microsoft.com/developer/msbuild/2003">
  <ItemGroup>
    <Filter Include="Project">
      <UniqueIdentifier>{7a4e8ada-00db-4db9-a190-9a6805aaa7a5}</UniqueIdentifier>
    </Filter>
    <Filter Include="Project\3rd Party">
      <UniqueIdentifier>{863feeac-39b3-443a-8b36-efbfd5a0193d}</UniqueIdentifier>
    </Filter>
    <Filter Include="Project\Graphics">
      <UniqueIdentifier>{0bcdb036-60ce-48cd-85dd-8a7b2cd391f2}</UniqueIdentifier>
    </Filter>
    <Filter Include="Project\Audio">
      <UniqueIdentifier>{61462fb3-5041-4723-b5b1-353145c53a99}</UniqueIdentifier>
    </Filter>
    <Filter Include="Project\Utility">
      <UniqueIdentifier>{5da9449e-82a1-44b5-9884-898416bbe446}</UniqueIdentifier>
    </Filter>
    <Filter Include="Project\Graphics\GraphicsSystem">
      <UniqueIdentifier>{2a9443c4-8dc8-4219-b59b-f4c5bd4dec7d}</UniqueIdentifier>
    </Filter>
    <Filter Include="Project\Graphics\RenderTarget">
      <UniqueIdentifier>{101c8648-af46-4ef5-bb98-6cbfbc5d0495}</UniqueIdentifier>
    </Filter>
    <Filter Include="Project\Timing">
      <UniqueIdentifier>{4d5b6042-217a-42d6-b39f-2b8093c376d0}</UniqueIdentifier>
    </Filter>
    <Filter Include="Project\Tests">
      <UniqueIdentifier>{a1701313-dd0e-4dac-8cd7-f6dc069775b8}</UniqueIdentifier>
    </Filter>
    <Filter Include="Project\Logs">
      <UniqueIdentifier>{2cfb851e-2567-47fe-b3ce-b3ef5148bbe1}</UniqueIdentifier>
    </Filter>
    <Filter Include="Project\Events">
      <UniqueIdentifier>{285d9c59-bc63-4c0d-93be-74f64b59104f}</UniqueIdentifier>
    </Filter>
  </ItemGroup>
  <ItemGroup>
    <ClCompile Include="Main.cpp">
      <Filter>Project</Filter>
    </ClCompile>
    <ClCompile Include="Game.cpp">
      <Filter>Project</Filter>
    </ClCompile>
    <ClCompile Include="DXGraphicsSystem.cpp">
      <Filter>Project\Graphics\GraphicsSystem</Filter>
    </ClCompile>
    <ClCompile Include="GLGraphicsSystem.cpp">
      <Filter>Project\Graphics\GraphicsSystem</Filter>
    </ClCompile>
    <ClCompile Include="DXRenderTarget.cpp">
      <Filter>Project\Graphics\RenderTarget</Filter>
    </ClCompile>
    <ClCompile Include="GLRenderTarget.cpp">
      <Filter>Project\Graphics\RenderTarget</Filter>
    </ClCompile>
    <ClCompile Include="Log.cpp">
      <Filter>Project\Utility</Filter>
    </ClCompile>
    <ClCompile Include="EventDispatcher.cpp">
      <Filter>Project\Events</Filter>
    </ClCompile>
    <ClCompile Include="Event.cpp">
      <Filter>Project\Events</Filter>
    </ClCompile>
    <ClCompile Include="GameTime.cpp">
      <Filter>Project\Timing</Filter>
    </ClCompile>
    <ClCompile Include="Timer.cpp">
      <Filter>Project\Timing</Filter>
    </ClCompile>
    <ClCompile Include="Color.cpp">
      <Filter>Project\Graphics</Filter>
    </ClCompile>
    <ClCompile Include="BaseGraphicsSystem.cpp">
      <Filter>Project\Graphics\GraphicsSystem</Filter>
    </ClCompile>
    <ClCompile Include="Console.cpp">
      <Filter>Project\Utility</Filter>
    </ClCompile>
  </ItemGroup>
  <ItemGroup>
    <ClInclude Include="Game.h">
      <Filter>Project</Filter>
    </ClInclude>
    <ClInclude Include="BaseGraphicsSystem.h">
      <Filter>Project\Graphics\GraphicsSystem</Filter>
    </ClInclude>
    <ClInclude Include="DXGraphicsSystem.h">
      <Filter>Project\Graphics\GraphicsSystem</Filter>
    </ClInclude>
    <ClInclude Include="GLGraphicsSystem.h">
      <Filter>Project\Graphics\GraphicsSystem</Filter>
    </ClInclude>
    <ClInclude Include="GraphicsSystem.h">
      <Filter>Project\Graphics\GraphicsSystem</Filter>
    </ClInclude>
    <ClInclude Include="BaseRenderTarget.h">
      <Filter>Project\Graphics\RenderTarget</Filter>
    </ClInclude>
    <ClInclude Include="RenderTarget.h">
      <Filter>Project\Graphics\RenderTarget</Filter>
    </ClInclude>
    <ClInclude Include="DXRenderTarget.h">
      <Filter>Project\Graphics\RenderTarget</Filter>
    </ClInclude>
    <ClInclude Include="GLRenderTarget.h">
      <Filter>Project\Graphics\RenderTarget</Filter>
    </ClInclude>
    <ClInclude Include="Log.h">
      <Filter>Project\Utility</Filter>
    </ClInclude>
    <ClInclude Include="Defines.h">
      <Filter>Project</Filter>
    </ClInclude>
    <ClInclude Include="Tests.h">
      <Filter>Project\Tests</Filter>
    </ClInclude>
    <ClInclude Include="GameTimeTests.h">
      <Filter>Project\Tests</Filter>
    </ClInclude>
    <ClInclude Include="EventData.h">
      <Filter>Project\Events</Filter>
    </ClInclude>
    <ClInclude Include="EventDispatcher.h">
      <Filter>Project\Events</Filter>
    </ClInclude>
    <ClInclude Include="Event.h">
      <Filter>Project\Events</Filter>
    </ClInclude>
    <ClInclude Include="Delegate.h">
      <Filter>Project\Events</Filter>
    </ClInclude>
    <ClInclude Include="Callbacks.h">
      <Filter>Project\Events</Filter>
    </ClInclude>
    <ClInclude Include="GameTime.h">
      <Filter>Project\Timing</Filter>
    </ClInclude>
    <ClInclude Include="Timer.h">
      <Filter>Project\Timing</Filter>
    </ClInclude>
    <ClInclude Include="Color.h">
      <Filter>Project\Graphics</Filter>
    </ClInclude>
    <ClInclude Include="Console.h">
      <Filter>Project\Utility</Filter>
    </ClInclude>
    <ClInclude Include="Args.h">
      <Filter>Project\Utility</Filter>
    </ClInclude>
  </ItemGroup>
  <ItemGroup>
    <Text Include="error.log">
      <Filter>Project\Logs</Filter>
    </Text>
    <Text Include="info.log">
      <Filter>Project\Logs</Filter>
    </Text>
  </ItemGroup>
</Project>