<?xml version="1.0" encoding="utf-8"?>
<Project ToolsVersion="4.0" xmlns="http://schemas.microsoft.com/developer/msbuild/2003">
  <ItemGroup>
    <Filter Include="Project">
      <UniqueIdentifier>{7a4e8ada-00db-4db9-a190-9a6805aaa7a5}</UniqueIdentifier>
    </Filter>
    <Filter Include="Project\3rd Party">
      <UniqueIdentifier>{863feeac-39b3-443a-8b36-efbfd5a0193d}</UniqueIdentifier>
    </Filter>
    <Filter Include="Project\Graphics">
      <UniqueIdentifier>{0bcdb036-60ce-48cd-85dd-8a7b2cd391f2}</UniqueIdentifier>
    </Filter>
    <Filter Include="Project\Audio">
      <UniqueIdentifier>{61462fb3-5041-4723-b5b1-353145c53a99}</UniqueIdentifier>
    </Filter>
    <Filter Include="Project\Utility">
      <UniqueIdentifier>{5da9449e-82a1-44b5-9884-898416bbe446}</UniqueIdentifier>
    </Filter>
    <Filter Include="Project\Graphics\GraphicsSystem">
      <UniqueIdentifier>{2a9443c4-8dc8-4219-b59b-f4c5bd4dec7d}</UniqueIdentifier>
    </Filter>
    <Filter Include="Project\Graphics\RenderTarget">
      <UniqueIdentifier>{101c8648-af46-4ef5-bb98-6cbfbc5d0495}</UniqueIdentifier>
    </Filter>
    <Filter Include="Project\Timing">
      <UniqueIdentifier>{4d5b6042-217a-42d6-b39f-2b8093c376d0}</UniqueIdentifier>
    </Filter>
    <Filter Include="Project\Tests">
      <UniqueIdentifier>{a1701313-dd0e-4dac-8cd7-f6dc069775b8}</UniqueIdentifier>
    </Filter>
    <Filter Include="Project\Logs">
      <UniqueIdentifier>{2cfb851e-2567-47fe-b3ce-b3ef5148bbe1}</UniqueIdentifier>
    </Filter>
    <Filter Include="Project\Events">
      <UniqueIdentifier>{285d9c59-bc63-4c0d-93be-74f64b59104f}</UniqueIdentifier>
    </Filter>
    <Filter Include="Project\Input">
      <UniqueIdentifier>{364a9e64-240a-460e-a2e2-fdfe8893dbf8}</UniqueIdentifier>
    </Filter>
    <Filter Include="Project\Input\InputSystem">
      <UniqueIdentifier>{8628872c-1e06-4656-9bbf-c43b74b2570c}</UniqueIdentifier>
    </Filter>
    <Filter Include="Project\Graphics\Texture">
      <UniqueIdentifier>{6f53e479-b4bf-48d2-b3c8-1e77fdf32447}</UniqueIdentifier>
    </Filter>
    <Filter Include="Project\Shaders">
      <UniqueIdentifier>{178f02d3-4e5f-425e-a933-b1508f41da65}</UniqueIdentifier>
    </Filter>
    <Filter Include="Project\Shaders\HLSL">
      <UniqueIdentifier>{6baf7ad2-3f31-4467-9dcc-2c1b8fb743d2}</UniqueIdentifier>
    </Filter>
    <Filter Include="Project\Shaders\GLSL">
      <UniqueIdentifier>{aa6eb406-4e11-4f52-a24a-7fcf79b73b8e}</UniqueIdentifier>
    </Filter>
    <Filter Include="Project\Input\Inputs">
      <UniqueIdentifier>{f5a27ed8-febb-43e4-83ae-a698c3309cb3}</UniqueIdentifier>
    </Filter>
    <Filter Include="Project\Input\Util">
      <UniqueIdentifier>{cc7daa2b-f5f6-47cb-9d78-bbe0e5ddd01e}</UniqueIdentifier>
    </Filter>
    <Filter Include="Project\Scene">
      <UniqueIdentifier>{09c184ed-d9e8-4e65-a2ee-78a07959481c}</UniqueIdentifier>
    </Filter>
    <Filter Include="Project\Scene\Camera">
      <UniqueIdentifier>{7bc588dc-d9bf-4ca8-afda-6359823b9bd8}</UniqueIdentifier>
    </Filter>
    <Filter Include="Project\Math">
      <UniqueIdentifier>{be92c0f9-f808-4c49-887c-60f8d3780c62}</UniqueIdentifier>
    </Filter>
    <Filter Include="Project\Math\Vector">
      <UniqueIdentifier>{7af18082-6450-4e21-ba09-f60acd163e2f}</UniqueIdentifier>
    </Filter>
    <Filter Include="Project\Math\Matrix">
      <UniqueIdentifier>{e10e88b5-35b2-4e95-bbe9-5828230e158c}</UniqueIdentifier>
    </Filter>
  </ItemGroup>
  <ItemGroup>
    <ClCompile Include="Main.cpp">
      <Filter>Project</Filter>
    </ClCompile>
    <ClCompile Include="Game.cpp">
      <Filter>Project</Filter>
    </ClCompile>
    <ClCompile Include="DXGraphicsSystem.cpp">
      <Filter>Project\Graphics\GraphicsSystem</Filter>
    </ClCompile>
    <ClCompile Include="GLGraphicsSystem.cpp">
      <Filter>Project\Graphics\GraphicsSystem</Filter>
    </ClCompile>
    <ClCompile Include="DXRenderTarget.cpp">
      <Filter>Project\Graphics\RenderTarget</Filter>
    </ClCompile>
    <ClCompile Include="GLRenderTarget.cpp">
      <Filter>Project\Graphics\RenderTarget</Filter>
    </ClCompile>
    <ClCompile Include="Log.cpp">
      <Filter>Project\Utility</Filter>
    </ClCompile>
    <ClCompile Include="EventDispatcher.cpp">
      <Filter>Project\Events</Filter>
    </ClCompile>
    <ClCompile Include="Event.cpp">
      <Filter>Project\Events</Filter>
    </ClCompile>
    <ClCompile Include="GameTime.cpp">
      <Filter>Project\Timing</Filter>
    </ClCompile>
    <ClCompile Include="Timer.cpp">
      <Filter>Project\Timing</Filter>
    </ClCompile>
    <ClCompile Include="Color.cpp">
      <Filter>Project\Graphics</Filter>
    </ClCompile>
    <ClCompile Include="BaseGraphicsSystem.cpp">
      <Filter>Project\Graphics\GraphicsSystem</Filter>
    </ClCompile>
    <ClCompile Include="Console.cpp">
      <Filter>Project\Utility</Filter>
    </ClCompile>
    <ClCompile Include="BaseInputSystem.cpp">
      <Filter>Project\Input\InputSystem</Filter>
    </ClCompile>
    <ClCompile Include="DXInputSystem.cpp">
      <Filter>Project\Input\InputSystem</Filter>
    </ClCompile>
    <ClCompile Include="GLInputSystem.cpp">
      <Filter>Project\Input\InputSystem</Filter>
    </ClCompile>
    <ClCompile Include="DXTexture.cpp">
      <Filter>Project\Graphics\Texture</Filter>
    </ClCompile>
    <ClCompile Include="GLTexture.cpp">
      <Filter>Project\Graphics\Texture</Filter>
    </ClCompile>
    <ClCompile Include="GLInputFunc.cpp">
      <Filter>Project\Input\Util</Filter>
    </ClCompile>
    <ClCompile Include="DXInputFunc.cpp">
      <Filter>Project\Input\Util</Filter>
    </ClCompile>
    <ClCompile Include="GLCamera.cpp">
      <Filter>Project\Scene\Camera</Filter>
    </ClCompile>
    <ClCompile Include="BaseCamera.cpp">
      <Filter>Project\Scene\Camera</Filter>
    </ClCompile>
    <ClCompile Include="DXCamera.cpp">
      <Filter>Project\Scene\Camera</Filter>
    </ClCompile>
    <ClCompile Include="MathHelper.cpp">
      <Filter>Project\Math</Filter>
    </ClCompile>
    <ClCompile Include="DXVector.cpp">
      <Filter>Project\Math\Vector</Filter>
    </ClCompile>
    <ClCompile Include="GLVector.cpp">
      <Filter>Project\Math\Vector</Filter>
    </ClCompile>
  </ItemGroup>
  <ItemGroup>
    <ClInclude Include="Game.h">
      <Filter>Project</Filter>
    </ClInclude>
    <ClInclude Include="BaseGraphicsSystem.h">
      <Filter>Project\Graphics\GraphicsSystem</Filter>
    </ClInclude>
    <ClInclude Include="DXGraphicsSystem.h">
      <Filter>Project\Graphics\GraphicsSystem</Filter>
    </ClInclude>
    <ClInclude Include="GLGraphicsSystem.h">
      <Filter>Project\Graphics\GraphicsSystem</Filter>
    </ClInclude>
    <ClInclude Include="GraphicsSystem.h">
      <Filter>Project\Graphics\GraphicsSystem</Filter>
    </ClInclude>
    <ClInclude Include="BaseRenderTarget.h">
      <Filter>Project\Graphics\RenderTarget</Filter>
    </ClInclude>
    <ClInclude Include="RenderTarget.h">
      <Filter>Project\Graphics\RenderTarget</Filter>
    </ClInclude>
    <ClInclude Include="DXRenderTarget.h">
      <Filter>Project\Graphics\RenderTarget</Filter>
    </ClInclude>
    <ClInclude Include="GLRenderTarget.h">
      <Filter>Project\Graphics\RenderTarget</Filter>
    </ClInclude>
    <ClInclude Include="Log.h">
      <Filter>Project\Utility</Filter>
    </ClInclude>
    <ClInclude Include="Defines.h">
      <Filter>Project</Filter>
    </ClInclude>
    <ClInclude Include="Tests.h">
      <Filter>Project\Tests</Filter>
    </ClInclude>
    <ClInclude Include="GameTimeTests.h">
      <Filter>Project\Tests</Filter>
    </ClInclude>
    <ClInclude Include="EventData.h">
      <Filter>Project\Events</Filter>
    </ClInclude>
    <ClInclude Include="EventDispatcher.h">
      <Filter>Project\Events</Filter>
    </ClInclude>
    <ClInclude Include="Event.h">
      <Filter>Project\Events</Filter>
    </ClInclude>
    <ClInclude Include="Delegate.h">
      <Filter>Project\Events</Filter>
    </ClInclude>
    <ClInclude Include="Callbacks.h">
      <Filter>Project\Events</Filter>
    </ClInclude>
    <ClInclude Include="GameTime.h">
      <Filter>Project\Timing</Filter>
    </ClInclude>
    <ClInclude Include="Timer.h">
      <Filter>Project\Timing</Filter>
    </ClInclude>
    <ClInclude Include="Color.h">
      <Filter>Project\Graphics</Filter>
    </ClInclude>
    <ClInclude Include="Console.h">
      <Filter>Project\Utility</Filter>
    </ClInclude>
    <ClInclude Include="Args.h">
      <Filter>Project\Utility</Filter>
    </ClInclude>
    <ClInclude Include="BaseInputSystem.h">
      <Filter>Project\Input\InputSystem</Filter>
    </ClInclude>
    <ClInclude Include="DXInputSystem.h">
      <Filter>Project\Input\InputSystem</Filter>
    </ClInclude>
    <ClInclude Include="GLInputSystem.h">
      <Filter>Project\Input\InputSystem</Filter>
    </ClInclude>
    <ClInclude Include="BaseTexture.h">
      <Filter>Project\Graphics\Texture</Filter>
    </ClInclude>
    <ClInclude Include="DXTexture.h">
      <Filter>Project\Graphics\Texture</Filter>
    </ClInclude>
    <ClInclude Include="GLTexture.h">
      <Filter>Project\Graphics\Texture</Filter>
    </ClInclude>
    <ClInclude Include="Texture.h">
      <Filter>Project\Graphics\Texture</Filter>
    </ClInclude>
    <ClInclude Include="GLHeader.h">
      <Filter>Project\Utility</Filter>
    </ClInclude>
    <ClInclude Include="DXHeader.h">
      <Filter>Project\Utility</Filter>
    </ClInclude>
    <ClInclude Include="InputSystem.h">
      <Filter>Project\Input\InputSystem</Filter>
    </ClInclude>
    <ClInclude Include="Key.h">
      <Filter>Project\Input\Inputs</Filter>
    </ClInclude>
    <ClInclude Include="MouseButton.h">
      <Filter>Project\Input\Inputs</Filter>
    </ClInclude>
    <ClInclude Include="ScrollWheelDir.h">
      <Filter>Project\Input\Inputs</Filter>
    </ClInclude>
    <ClInclude Include="DXInputFunc.h">
      <Filter>Project\Input\Util</Filter>
    </ClInclude>
    <ClInclude Include="GLInputFunc.h">
      <Filter>Project\Input\Util</Filter>
    </ClInclude>
    <ClInclude Include="InputState.h">
      <Filter>Project\Input</Filter>
    </ClInclude>
    <ClInclude Include="InputInfo.h">
      <Filter>Project\Input</Filter>
    </ClInclude>
    <ClInclude Include="GLCamera.h">
      <Filter>Project\Scene\Camera</Filter>
    </ClInclude>
    <ClInclude Include="BaseCamera.h">
      <Filter>Project\Scene\Camera</Filter>
    </ClInclude>
    <ClInclude Include="DXCamera.h">
      <Filter>Project\Scene\Camera</Filter>
    </ClInclude>
    <ClInclude Include="Camera.h">
      <Filter>Project\Scene\Camera</Filter>
    </ClInclude>
    <ClInclude Include="MathHelper.h">
      <Filter>Project\Math</Filter>
    </ClInclude>
    <ClInclude Include="Matrix.h">
      <Filter>Project\Math\Matrix</Filter>
    </ClInclude>
    <ClInclude Include="Vector.h">
      <Filter>Project\Math\Vector</Filter>
    </ClInclude>
    <ClInclude Include="GLVector.h">
      <Filter>Project\Math\Vector</Filter>
    </ClInclude>
    <ClInclude Include="DXVector.h">
      <Filter>Project\Math\Vector</Filter>
    </ClInclude>
    <ClInclude Include="GLMatrix.h">
      <Filter>Project\Math\Matrix</Filter>
    </ClInclude>
    <ClInclude Include="DXMatrix.h">
      <Filter>Project\Math\Matrix</Filter>
    </ClInclude>
  </ItemGroup>
  <ItemGroup>
    <Text Include="error.log">
      <Filter>Project\Logs</Filter>
    </Text>
    <Text Include="info.log">
      <Filter>Project\Logs</Filter>
    </Text>
  </ItemGroup>
</Project>